{
  "requires": true,
  "lockfileVersion": 1,
  "dependencies": {
    "jquery": {
      "version": "3.3.1",
      "resolved": "https://registry.npmjs.org/jquery/-/jquery-3.3.1.tgz",
      "integrity": "sha512-Ubldcmxp5np52/ENotGxlLe6aGMvmF4R8S6tZjsP6Knsaxd/xp3Zrh50cG93lR6nPXyUFwzN3ZSOQI0wRJNdGg=="
    },
    "semantic-ui-css": {
      "version": "2.3.0",
      "resolved": "https://registry.npmjs.org/semantic-ui-css/-/semantic-ui-css-2.3.0.tgz",
      "integrity": "sha512-f76LAKVyIJGBPJlEP3q2NHrnJVMoiBUw5gLyeWhsXyboK7gKlzAbdK1ytr8/jV++GfmpyC3hFrMCdSNBfFF+ag==",
      "requires": {
        "jquery": "3.3.1"
      }
    }
  }
}
